
Microsoft Visual Studio Solution File, Format Version 12.00
# Visual Studio Version 17
VisualStudioVersion = 17.0.31912.275
MinimumVisualStudioVersion = 10.0.40219.1
Project("{FAE04EC0-301F-11D3-BF4B-00C04F79EFBC}") = "RoleBasedAuth", "RoleBasedAuth\RoleBasedAuth.csproj", "{B3EC588A-BEDD-4E6A-BC31-D22A1F300DFD}"
EndProject
Global
	GlobalSection(SolutionConfigurationPlatforms) = preSolution
		Debug|Any CPU = Debug|Any CPU
		Release|Any CPU = Release|Any CPU
	EndGlobalSection
	GlobalSection(ProjectConfigurationPlatforms) = postSolution
		{B3EC588A-BEDD-4E6A-BC31-D22A1F300DFD}.Debug|Any CPU.ActiveCfg = Debug|Any CPU
		{B3EC588A-BEDD-4E6A-BC31-D22A1F300DFD}.Debug|Any CPU.Build.0 = Debug|Any CPU
		{B3EC588A-BEDD-4E6A-BC31-D22A1F300DFD}.Release|Any CPU.ActiveCfg = Release|Any CPU
		{B3EC588A-BEDD-4E6A-BC31-D22A1F300DFD}.Release|Any CPU.Build.0 = Release|Any CPU
	EndGlobalSection
	GlobalSection(SolutionProperties) = preSolution
		HideSolutionNode = FALSE
	EndGlobalSection
	GlobalSection(ExtensibilityGlobals) = postSolution
		SolutionGuid = {6771B6BF-73D7-4ECA-BF17-C1953296A507}
	EndGlobalSection
EndGlobal
